// !$*UTF8*$!
{
	archiveVersion = 1;
	classes = {
	};
	objectVersion = 50;
	objects = {

/* Begin PBXBuildFile section */
		0D40C43026D0F02700B306E5 /* AppDelegate.m in Sources */ = {isa = PBXBuildFile; fileRef = 0D40C42F26D0F02700B306E5 /* AppDelegate.m */; };
		0D40C43326D0F02700B306E5 /* SceneDelegate.m in Sources */ = {isa = PBXBuildFile; fileRef = 0D40C43226D0F02700B306E5 /* SceneDelegate.m */; };
		0D40C43626D0F02700B306E5 /* ViewController.m in Sources */ = {isa = PBXBuildFile; fileRef = 0D40C43526D0F02700B306E5 /* ViewController.m */; };
		0D40C43926D0F02700B306E5 /* Main.storyboard in Resources */ = {isa = PBXBuildFile; fileRef = 0D40C43726D0F02700B306E5 /* Main.storyboard */; };
		0D40C43B26D0F02A00B306E5 /* Assets.xcassets in Resources */ = {isa = PBXBuildFile; fileRef = 0D40C43A26D0F02A00B306E5 /* Assets.xcassets */; };
		0D40C43E26D0F02A00B306E5 /* LaunchScreen.storyboard in Resources */ = {isa = PBXBuildFile; fileRef = 0D40C43C26D0F02A00B306E5 /* LaunchScreen.storyboard */; };
		0D40C44126D0F02A00B306E5 /* main.m in Sources */ = {isa = PBXBuildFile; fileRef = 0D40C44026D0F02A00B306E5 /* main.m */; };
		0D40C44D26D0F51400B306E5 /* YZInsertionSort.m in Sources */ = {isa = PBXBuildFile; fileRef = 0D40C44C26D0F51400B306E5 /* YZInsertionSort.m */; };
		0D40C45126D0F63900B306E5 /* YZBaseSort.m in Sources */ = {isa = PBXBuildFile; fileRef = 0D40C45026D0F63900B306E5 /* YZBaseSort.m */; };
		60195ACF26F0475000B3B6EF /* YZQuickSort.m in Sources */ = {isa = PBXBuildFile; fileRef = 60195ACE26F0475000B3B6EF /* YZQuickSort.m */; };
		604C1FF526D3401A00BE6F3F /* YZBubbleSort.m in Sources */ = {isa = PBXBuildFile; fileRef = 604C1FF426D3401A00BE6F3F /* YZBubbleSort.m */; };
		604C1FFB26D3490800BE6F3F /* YZSortExample.m in Sources */ = {isa = PBXBuildFile; fileRef = 604C1FFA26D3490800BE6F3F /* YZSortExample.m */; };
		604C1FFE26D34C8400BE6F3F /* YZBaseObject.m in Sources */ = {isa = PBXBuildFile; fileRef = 604C1FFD26D34C8400BE6F3F /* YZBaseObject.m */; };
		604C200226D3890500BE6F3F /* YZBinaryTree.m in Sources */ = {isa = PBXBuildFile; fileRef = 604C200126D388F000BE6F3F /* YZBinaryTree.m */; };
		6052106426D394400013E414 /* YZBinaryTreeExample.m in Sources */ = {isa = PBXBuildFile; fileRef = 6052106326D394400013E414 /* YZBinaryTreeExample.m */; };
/* End PBXBuildFile section */

/* Begin PBXFileReference section */
		0D40C42B26D0F02700B306E5 /* iOSAlgorithm.app */ = {isa = PBXFileReference; explicitFileType = wrapper.application; includeInIndex = 0; path = iOSAlgorithm.app; sourceTree = BUILT_PRODUCTS_DIR; };
		0D40C42E26D0F02700B306E5 /* AppDelegate.h */ = {isa = PBXFileReference; lastKnownFileType = sourcecode.c.h; path = AppDelegate.h; sourceTree = "<group>"; };
		0D40C42F26D0F02700B306E5 /* AppDelegate.m */ = {isa = PBXFileReference; lastKnownFileType = sourcecode.c.objc; path = AppDelegate.m; sourceTree = "<group>"; };
		0D40C43126D0F02700B306E5 /* SceneDelegate.h */ = {isa = PBXFileReference; lastKnownFileType = sourcecode.c.h; path = SceneDelegate.h; sourceTree = "<group>"; };
		0D40C43226D0F02700B306E5 /* SceneDelegate.m */ = {isa = PBXFileReference; lastKnownFileType = sourcecode.c.objc; path = SceneDelegate.m; sourceTree = "<group>"; };
		0D40C43426D0F02700B306E5 /* ViewController.h */ = {isa = PBXFileReference; lastKnownFileType = sourcecode.c.h; path = ViewController.h; sourceTree = "<group>"; };
		0D40C43526D0F02700B306E5 /* ViewController.m */ = {isa = PBXFileReference; lastKnownFileType = sourcecode.c.objc; path = ViewController.m; sourceTree = "<group>"; };
		0D40C43826D0F02700B306E5 /* Base */ = {isa = PBXFileReference; lastKnownFileType = file.storyboard; name = Base; path = Base.lproj/Main.storyboard; sourceTree = "<group>"; };
		0D40C43A26D0F02A00B306E5 /* Assets.xcassets */ = {isa = PBXFileReference; lastKnownFileType = folder.assetcatalog; path = Assets.xcassets; sourceTree = "<group>"; };
		0D40C43D26D0F02A00B306E5 /* Base */ = {isa = PBXFileReference; lastKnownFileType = file.storyboard; name = Base; path = Base.lproj/LaunchScreen.storyboard; sourceTree = "<group>"; };
		0D40C43F26D0F02A00B306E5 /* Info.plist */ = {isa = PBXFileReference; lastKnownFileType = text.plist.xml; path = Info.plist; sourceTree = "<group>"; };
		0D40C44026D0F02A00B306E5 /* main.m */ = {isa = PBXFileReference; lastKnownFileType = sourcecode.c.objc; path = main.m; sourceTree = "<group>"; };
		0D40C44B26D0F51400B306E5 /* YZInsertionSort.h */ = {isa = PBXFileReference; lastKnownFileType = sourcecode.c.h; path = YZInsertionSort.h; sourceTree = "<group>"; };
		0D40C44C26D0F51400B306E5 /* YZInsertionSort.m */ = {isa = PBXFileReference; lastKnownFileType = sourcecode.c.objc; path = YZInsertionSort.m; sourceTree = "<group>"; };
		0D40C44F26D0F63900B306E5 /* YZBaseSort.h */ = {isa = PBXFileReference; lastKnownFileType = sourcecode.c.h; path = YZBaseSort.h; sourceTree = "<group>"; };
		0D40C45026D0F63900B306E5 /* YZBaseSort.m */ = {isa = PBXFileReference; lastKnownFileType = sourcecode.c.objc; path = YZBaseSort.m; sourceTree = "<group>"; };
		60195ACD26F0475000B3B6EF /* YZQuickSort.h */ = {isa = PBXFileReference; lastKnownFileType = sourcecode.c.h; path = YZQuickSort.h; sourceTree = "<group>"; };
		60195ACE26F0475000B3B6EF /* YZQuickSort.m */ = {isa = PBXFileReference; lastKnownFileType = sourcecode.c.objc; path = YZQuickSort.m; sourceTree = "<group>"; };
		604C1FF326D3401A00BE6F3F /* YZBubbleSort.h */ = {isa = PBXFileReference; lastKnownFileType = sourcecode.c.h; path = YZBubbleSort.h; sourceTree = "<group>"; };
		604C1FF426D3401A00BE6F3F /* YZBubbleSort.m */ = {isa = PBXFileReference; lastKnownFileType = sourcecode.c.objc; path = YZBubbleSort.m; sourceTree = "<group>"; };
		604C1FF926D3490800BE6F3F /* YZSortExample.h */ = {isa = PBXFileReference; lastKnownFileType = sourcecode.c.h; path = YZSortExample.h; sourceTree = "<group>"; };
		604C1FFA26D3490800BE6F3F /* YZSortExample.m */ = {isa = PBXFileReference; lastKnownFileType = sourcecode.c.objc; path = YZSortExample.m; sourceTree = "<group>"; };
		604C1FFC26D34C8400BE6F3F /* YZBaseObject.h */ = {isa = PBXFileReference; lastKnownFileType = sourcecode.c.h; path = YZBaseObject.h; sourceTree = "<group>"; };
		604C1FFD26D34C8400BE6F3F /* YZBaseObject.m */ = {isa = PBXFileReference; lastKnownFileType = sourcecode.c.objc; path = YZBaseObject.m; sourceTree = "<group>"; };
		604C200026D388F000BE6F3F /* YZBinaryTree.h */ = {isa = PBXFileReference; lastKnownFileType = sourcecode.c.h; path = YZBinaryTree.h; sourceTree = "<group>"; };
		604C200126D388F000BE6F3F /* YZBinaryTree.m */ = {isa = PBXFileReference; lastKnownFileType = sourcecode.c.objc; path = YZBinaryTree.m; sourceTree = "<group>"; };
		6052106226D394400013E414 /* YZBinaryTreeExample.h */ = {isa = PBXFileReference; lastKnownFileType = sourcecode.c.h; path = YZBinaryTreeExample.h; sourceTree = "<group>"; };
		6052106326D394400013E414 /* YZBinaryTreeExample.m */ = {isa = PBXFileReference; lastKnownFileType = sourcecode.c.objc; path = YZBinaryTreeExample.m; sourceTree = "<group>"; };
/* End PBXFileReference section */

/* Begin PBXFrameworksBuildPhase section */
		0D40C42826D0F02700B306E5 /* Frameworks */ = {
			isa = PBXFrameworksBuildPhase;
			buildActionMask = 2147483647;
			files = (
			);
			runOnlyForDeploymentPostprocessing = 0;
		};
/* End PBXFrameworksBuildPhase section */

/* Begin PBXGroup section */
		0D40C42226D0F02700B306E5 = {
			isa = PBXGroup;
			children = (
				0D40C42D26D0F02700B306E5 /* iOSAlgorithm */,
				0D40C42C26D0F02700B306E5 /* Products */,
			);
			sourceTree = "<group>";
		};
		0D40C42C26D0F02700B306E5 /* Products */ = {
			isa = PBXGroup;
			children = (
				0D40C42B26D0F02700B306E5 /* iOSAlgorithm.app */,
			);
			name = Products;
			sourceTree = "<group>";
		};
		0D40C42D26D0F02700B306E5 /* iOSAlgorithm */ = {
			isa = PBXGroup;
			children = (
				604C1FFC26D34C8400BE6F3F /* YZBaseObject.h */,
				604C1FFD26D34C8400BE6F3F /* YZBaseObject.m */,
				0D40C44E26D0F5F600B306E5 /* Sort */,
				604C1FFF26D3881D00BE6F3F /* BinaryTree */,
				0D40C42E26D0F02700B306E5 /* AppDelegate.h */,
				0D40C42F26D0F02700B306E5 /* AppDelegate.m */,
				0D40C43126D0F02700B306E5 /* SceneDelegate.h */,
				0D40C43226D0F02700B306E5 /* SceneDelegate.m */,
				0D40C43426D0F02700B306E5 /* ViewController.h */,
				0D40C43526D0F02700B306E5 /* ViewController.m */,
				0D40C43726D0F02700B306E5 /* Main.storyboard */,
				0D40C43A26D0F02A00B306E5 /* Assets.xcassets */,
				0D40C43C26D0F02A00B306E5 /* LaunchScreen.storyboard */,
				0D40C43F26D0F02A00B306E5 /* Info.plist */,
				0D40C44026D0F02A00B306E5 /* main.m */,
			);
			path = iOSAlgorithm;
			sourceTree = "<group>";
		};
		0D40C44726D0F27B00B306E5 /* InsertionSort */ = {
			isa = PBXGroup;
			children = (
				0D40C44B26D0F51400B306E5 /* YZInsertionSort.h */,
				0D40C44C26D0F51400B306E5 /* YZInsertionSort.m */,
			);
			path = InsertionSort;
			sourceTree = "<group>";
		};
		0D40C44E26D0F5F600B306E5 /* Sort */ = {
			isa = PBXGroup;
			children = (
				0D40C44F26D0F63900B306E5 /* YZBaseSort.h */,
				0D40C45026D0F63900B306E5 /* YZBaseSort.m */,
				604C1FF226D33FE700BE6F3F /* BubbleSort */,
				0D40C44726D0F27B00B306E5 /* InsertionSort */,
				60195ACC26F046C100B3B6EF /* QuickSort */,
				604C1FF926D3490800BE6F3F /* YZSortExample.h */,
				604C1FFA26D3490800BE6F3F /* YZSortExample.m */,
			);
			path = Sort;
			sourceTree = "<group>";
		};
		60195ACC26F046C100B3B6EF /* QuickSort */ = {
			isa = PBXGroup;
			children = (
				60195ACD26F0475000B3B6EF /* YZQuickSort.h */,
				60195ACE26F0475000B3B6EF /* YZQuickSort.m */,
			);
			path = QuickSort;
			sourceTree = "<group>";
		};
		604C1FF226D33FE700BE6F3F /* BubbleSort */ = {
			isa = PBXGroup;
			children = (
				604C1FF326D3401A00BE6F3F /* YZBubbleSort.h */,
				604C1FF426D3401A00BE6F3F /* YZBubbleSort.m */,
			);
			path = BubbleSort;
			sourceTree = "<group>";
		};
		604C1FFF26D3881D00BE6F3F /* BinaryTree */ = {
			isa = PBXGroup;
			children = (
				604C200026D388F000BE6F3F /* YZBinaryTree.h */,
				604C200126D388F000BE6F3F /* YZBinaryTree.m */,
				6052106226D394400013E414 /* YZBinaryTreeExample.h */,
				6052106326D394400013E414 /* YZBinaryTreeExample.m */,
			);
			path = BinaryTree;
			sourceTree = "<group>";
		};
/* End PBXGroup section */

/* Begin PBXNativeTarget section */
		0D40C42A26D0F02700B306E5 /* iOSAlgorithm */ = {
			isa = PBXNativeTarget;
			buildConfigurationList = 0D40C44426D0F02A00B306E5 /* Build configuration list for PBXNativeTarget "iOSAlgorithm" */;
			buildPhases = (
				0D40C42726D0F02700B306E5 /* Sources */,
				0D40C42826D0F02700B306E5 /* Frameworks */,
				0D40C42926D0F02700B306E5 /* Resources */,
			);
			buildRules = (
			);
			dependencies = (
			);
			name = iOSAlgorithm;
			productName = iOSAlgorithm;
			productReference = 0D40C42B26D0F02700B306E5 /* iOSAlgorithm.app */;
			productType = "com.apple.product-type.application";
		};
/* End PBXNativeTarget section */

/* Begin PBXProject section */
		0D40C42326D0F02700B306E5 /* Project object */ = {
			isa = PBXProject;
			attributes = {
				CLASSPREFIX = YZ;
				LastUpgradeCheck = 1250;
				TargetAttributes = {
					0D40C42A26D0F02700B306E5 = {
						CreatedOnToolsVersion = 12.5.1;
					};
				};
			};
			buildConfigurationList = 0D40C42626D0F02700B306E5 /* Build configuration list for PBXProject "iOSAlgorithm" */;
			compatibilityVersion = "Xcode 9.3";
			developmentRegion = en;
			hasScannedForEncodings = 0;
			knownRegions = (
				en,
				Base,
			);
			mainGroup = 0D40C42226D0F02700B306E5;
			productRefGroup = 0D40C42C26D0F02700B306E5 /* Products */;
			projectDirPath = "";
			projectRoot = "";
			targets = (
				0D40C42A26D0F02700B306E5 /* iOSAlgorithm */,
			);
		};
/* End PBXProject section */

/* Begin PBXResourcesBuildPhase section */
		0D40C42926D0F02700B306E5 /* Resources */ = {
			isa = PBXResourcesBuildPhase;
			buildActionMask = 2147483647;
			files = (
				0D40C43E26D0F02A00B306E5 /* LaunchScreen.storyboard in Resources */,
				0D40C43B26D0F02A00B306E5 /* Assets.xcassets in Resources */,
				0D40C43926D0F02700B306E5 /* Main.storyboard in Resources */,
			);
			runOnlyForDeploymentPostprocessing = 0;
		};
/* End PBXResourcesBuildPhase section */

/* Begin PBXSourcesBuildPhase section */
		0D40C42726D0F02700B306E5 /* Sources */ = {
			isa = PBXSourcesBuildPhase;
			buildActionMask = 2147483647;
			files = (
				0D40C43626D0F02700B306E5 /* ViewController.m in Sources */,
				604C200226D3890500BE6F3F /* YZBinaryTree.m in Sources */,
				0D40C43026D0F02700B306E5 /* AppDelegate.m in Sources */,
				604C1FF526D3401A00BE6F3F /* YZBubbleSort.m in Sources */,
				604C1FFE26D34C8400BE6F3F /* YZBaseObject.m in Sources */,
				0D40C44D26D0F51400B306E5 /* YZInsertionSort.m in Sources */,
				0D40C44126D0F02A00B306E5 /* main.m in Sources */,
				6052106426D394400013E414 /* YZBinaryTreeExample.m in Sources */,
				60195ACF26F0475000B3B6EF /* YZQuickSort.m in Sources */,
				0D40C43326D0F02700B306E5 /* SceneDelegate.m in Sources */,
				0D40C45126D0F63900B306E5 /* YZBaseSort.m in Sources */,
				604C1FFB26D3490800BE6F3F /* YZSortExample.m in Sources */,
			);
			runOnlyForDeploymentPostprocessing = 0;
		};
/* End PBXSourcesBuildPhase section */

/* Begin PBXVariantGroup section */
		0D40C43726D0F02700B306E5 /* Main.storyboard */ = {
			isa = PBXVariantGroup;
			children = (
				0D40C43826D0F02700B306E5 /* Base */,
			);
			name = Main.storyboard;
			sourceTree = "<group>";
		};
		0D40C43C26D0F02A00B306E5 /* LaunchScreen.storyboard */ = {
			isa = PBXVariantGroup;
			children = (
				0D40C43D26D0F02A00B306E5 /* Base */,
			);
			name = LaunchScreen.storyboard;
			sourceTree = "<group>";
		};
/* End PBXVariantGroup section */

/* Begin XCBuildConfiguration section */
		0D40C44226D0F02A00B306E5 /* Debug */ = {
			isa = XCBuildConfiguration;
			buildSettings = {
				ALWAYS_SEARCH_USER_PATHS = NO;
				CLANG_ANALYZER_NONNULL = YES;
				CLANG_ANALYZER_NUMBER_OBJECT_CONVERSION = YES_AGGRESSIVE;
				CLANG_CXX_LANGUAGE_STANDARD = "gnu++14";
				CLANG_CXX_LIBRARY = "libc++";
				CLANG_ENABLE_MODULES = YES;
				CLANG_ENABLE_OBJC_ARC = YES;
				CLANG_ENABLE_OBJC_WEAK = YES;
				CLANG_WARN_BLOCK_CAPTURE_AUTORELEASING = YES;
				CLANG_WARN_BOOL_CONVERSION = YES;
				CLANG_WARN_COMMA = YES;
				CLANG_WARN_CONSTANT_CONVERSION = YES;
				CLANG_WARN_DEPRECATED_OBJC_IMPLEMENTATIONS = YES;
				CLANG_WARN_DIRECT_OBJC_ISA_USAGE = YES_ERROR;
				CLANG_WARN_DOCUMENTATION_COMMENTS = YES;
				CLANG_WARN_EMPTY_BODY = YES;
				CLANG_WARN_ENUM_CONVERSION = YES;
				CLANG_WARN_INFINITE_RECURSION = YES;
				CLANG_WARN_INT_CONVERSION = YES;
				CLANG_WARN_NON_LITERAL_NULL_CONVERSION = YES;
				CLANG_WARN_OBJC_IMPLICIT_RETAIN_SELF = YES;
				CLANG_WARN_OBJC_LITERAL_CONVERSION = YES;
				CLANG_WARN_OBJC_ROOT_CLASS = YES_ERROR;
				CLANG_WARN_QUOTED_INCLUDE_IN_FRAMEWORK_HEADER = YES;
				CLANG_WARN_RANGE_LOOP_ANALYSIS = YES;
				CLANG_WARN_STRICT_PROTOTYPES = YES;
				CLANG_WARN_SUSPICIOUS_MOVE = YES;
				CLANG_WARN_UNGUARDED_AVAILABILITY = YES_AGGRESSIVE;
				CLANG_WARN_UNREACHABLE_CODE = YES;
				CLANG_WARN__DUPLICATE_METHOD_MATCH = YES;
				COPY_PHASE_STRIP = NO;
				DEBUG_INFORMATION_FORMAT = dwarf;
				ENABLE_STRICT_OBJC_MSGSEND = YES;
				ENABLE_TESTABILITY = YES;
				GCC_C_LANGUAGE_STANDARD = gnu11;
				GCC_DYNAMIC_NO_PIC = NO;
				GCC_NO_COMMON_BLOCKS = YES;
				GCC_OPTIMIZATION_LEVEL = 0;
				GCC_PREPROCESSOR_DEFINITIONS = (
					"DEBUG=1",
					"$(inherited)",
				);
				GCC_WARN_64_TO_32_BIT_CONVERSION = YES;
				GCC_WARN_ABOUT_RETURN_TYPE = YES_ERROR;
				GCC_WARN_UNDECLARED_SELECTOR = YES;
				GCC_WARN_UNINITIALIZED_AUTOS = YES_AGGRESSIVE;
				GCC_WARN_UNUSED_FUNCTION = YES;
				GCC_WARN_UNUSED_VARIABLE = YES;
				IPHONEOS_DEPLOYMENT_TARGET = 14.5;
				MTL_ENABLE_DEBUG_INFO = INCLUDE_SOURCE;
				MTL_FAST_MATH = YES;
				ONLY_ACTIVE_ARCH = YES;
				SDKROOT = iphoneos;
			};
			name = Debug;
		};
		0D40C44326D0F02A00B306E5 /* Release */ = {
			isa = XCBuildConfiguration;
			buildSettings = {
				ALWAYS_SEARCH_USER_PATHS = NO;
				CLANG_ANALYZER_NONNULL = YES;
				CLANG_ANALYZER_NUMBER_OBJECT_CONVERSION = YES_AGGRESSIVE;
				CLANG_CXX_LANGUAGE_STANDARD = "gnu++14";
				CLANG_CXX_LIBRARY = "libc++";
				CLANG_ENABLE_MODULES = YES;
				CLANG_ENABLE_OBJC_ARC = YES;
				CLANG_ENABLE_OBJC_WEAK = YES;
				CLANG_WARN_BLOCK_CAPTURE_AUTORELEASING = YES;
				CLANG_WARN_BOOL_CONVERSION = YES;
				CLANG_WARN_COMMA = YES;
				CLANG_WARN_CONSTANT_CONVERSION = YES;
				CLANG_WARN_DEPRECATED_OBJC_IMPLEMENTATIONS = YES;
				CLANG_WARN_DIRECT_OBJC_ISA_USAGE = YES_ERROR;
				CLANG_WARN_DOCUMENTATION_COMMENTS = YES;
				CLANG_WARN_EMPTY_BODY = YES;
				CLANG_WARN_ENUM_CONVERSION = YES;
				CLANG_WARN_INFINITE_RECURSION = YES;
				CLANG_WARN_INT_CONVERSION = YES;
				CLANG_WARN_NON_LITERAL_NULL_CONVERSION = YES;
				CLANG_WARN_OBJC_IMPLICIT_RETAIN_SELF = YES;
				CLANG_WARN_OBJC_LITERAL_CONVERSION = YES;
				CLANG_WARN_OBJC_ROOT_CLASS = YES_ERROR;
				CLANG_WARN_QUOTED_INCLUDE_IN_FRAMEWORK_HEADER = YES;
				CLANG_WARN_RANGE_LOOP_ANALYSIS = YES;
				CLANG_WARN_STRICT_PROTOTYPES = YES;
				CLANG_WARN_SUSPICIOUS_MOVE = YES;
				CLANG_WARN_UNGUARDED_AVAILABILITY = YES_AGGRESSIVE;
				CLANG_WARN_UNREACHABLE_CODE = YES;
				CLANG_WARN__DUPLICATE_METHOD_MATCH = YES;
				COPY_PHASE_STRIP = NO;
				DEBUG_INFORMATION_FORMAT = "dwarf-with-dsym";
				ENABLE_NS_ASSERTIONS = NO;
				ENABLE_STRICT_OBJC_MSGSEND = YES;
				GCC_C_LANGUAGE_STANDARD = gnu11;
				GCC_NO_COMMON_BLOCKS = YES;
				GCC_WARN_64_TO_32_BIT_CONVERSION = YES;
				GCC_WARN_ABOUT_RETURN_TYPE = YES_ERROR;
				GCC_WARN_UNDECLARED_SELECTOR = YES;
				GCC_WARN_UNINITIALIZED_AUTOS = YES_AGGRESSIVE;
				GCC_WARN_UNUSED_FUNCTION = YES;
				GCC_WARN_UNUSED_VARIABLE = YES;
				IPHONEOS_DEPLOYMENT_TARGET = 14.5;
				MTL_ENABLE_DEBUG_INFO = NO;
				MTL_FAST_MATH = YES;
				SDKROOT = iphoneos;
				VALIDATE_PRODUCT = YES;
			};
			name = Release;
		};
		0D40C44526D0F02A00B306E5 /* Debug */ = {
			isa = XCBuildConfiguration;
			buildSettings = {
				ASSETCATALOG_COMPILER_APPICON_NAME = AppIcon;
				ASSETCATALOG_COMPILER_GLOBAL_ACCENT_COLOR_NAME = AccentColor;
				CODE_SIGN_STYLE = Automatic;
				INFOPLIST_FILE = iOSAlgorithm/Info.plist;
				IPHONEOS_DEPLOYMENT_TARGET = 13.0;
				LD_RUNPATH_SEARCH_PATHS = (
					"$(inherited)",
					"@executable_path/Frameworks",
				);
				PRODUCT_BUNDLE_IDENTIFIER = com.hyz.iOSAlgorithm;
				PRODUCT_NAME = "$(TARGET_NAME)";
				TARGETED_DEVICE_FAMILY = "1,2";
			};
			name = Debug;
		};
		0D40C44626D0F02A00B306E5 /* Release */ = {
			isa = XCBuildConfiguration;
			buildSettings = {
				ASSETCATALOG_COMPILER_APPICON_NAME = AppIcon;
				ASSETCATALOG_COMPILER_GLOBAL_ACCENT_COLOR_NAME = AccentColor;
				CODE_SIGN_STYLE = Automatic;
				INFOPLIST_FILE = iOSAlgorithm/Info.plist;
				IPHONEOS_DEPLOYMENT_TARGET = 13.0;
				LD_RUNPATH_SEARCH_PATHS = (
					"$(inherited)",
					"@executable_path/Frameworks",
				);
				PRODUCT_BUNDLE_IDENTIFIER = com.hyz.iOSAlgorithm;
				PRODUCT_NAME = "$(TARGET_NAME)";
				TARGETED_DEVICE_FAMILY = "1,2";
			};
			name = Release;
		};
/* End XCBuildConfiguration section */

/* Begin XCConfigurationList section */
		0D40C42626D0F02700B306E5 /* Build configuration list for PBXProject "iOSAlgorithm" */ = {
			isa = XCConfigurationList;
			buildConfigurations = (
				0D40C44226D0F02A00B306E5 /* Debug */,
				0D40C44326D0F02A00B306E5 /* Release */,
			);
			defaultConfigurationIsVisible = 0;
			defaultConfigurationName = Release;
		};
		0D40C44426D0F02A00B306E5 /* Build configuration list for PBXNativeTarget "iOSAlgorithm" */ = {
			isa = XCConfigurationList;
			buildConfigurations = (
				0D40C44526D0F02A00B306E5 /* Debug */,
				0D40C44626D0F02A00B306E5 /* Release */,
			);
			defaultConfigurationIsVisible = 0;
			defaultConfigurationName = Release;
		};
/* End XCConfigurationList section */
	};
	rootObject = 0D40C42326D0F02700B306E5 /* Project object */;
}
